
Microsoft Visual Studio Solution File, Format Version 12.00
# Visual Studio 15
VisualStudioVersion = 15.0.28010.2050
MinimumVisualStudioVersion = 10.0.40219.1
Project("{FAE04EC0-301F-11D3-BF4B-00C04F79EFBC}") = "ccgo-alarm-tool", "ccgo-alarm-tool\ccgo-alarm-tool.csproj", "{0CECEED2-61FB-49E4-AC62-277325528654}"
EndProject
Global
	GlobalSection(SolutionConfigurationPlatforms) = preSolution
		Debug|Any CPU = Debug|Any CPU
		Release|Any CPU = Release|Any CPU
	EndGlobalSection
	GlobalSection(ProjectConfigurationPlatforms) = postSolution
		{0CECEED2-61FB-49E4-AC62-277325528654}.Debug|Any CPU.ActiveCfg = Debug|Any CPU
		{0CECEED2-61FB-49E4-AC62-277325528654}.Debug|Any CPU.Build.0 = Debug|Any CPU
		{0CECEED2-61FB-49E4-AC62-277325528654}.Release|Any CPU.ActiveCfg = Release|Any CPU
		{0CECEED2-61FB-49E4-AC62-277325528654}.Release|Any CPU.Build.0 = Release|Any CPU
	EndGlobalSection
	GlobalSection(SolutionProperties) = preSolution
		HideSolutionNode = FALSE
	EndGlobalSection
	GlobalSection(ExtensibilityGlobals) = postSolution
		SolutionGuid = {3C2BD5E0-7F31-4E3D-9408-3A32AA5F3435}
	EndGlobalSection
EndGlobal
